
Microsoft Visual Studio Solution File, Format Version 12.00
# Visual Studio Version 16
VisualStudioVersion = 16.0.30204.135
MinimumVisualStudioVersion = 10.0.40219.1
Project("{FAE04EC0-301F-11D3-BF4B-00C04F79EFBC}") = "cSec", "cSec\cSec.csproj", "{DE539493-299D-4406-8893-96B1E5687605}"
EndProject
Global
	GlobalSection(SolutionConfigurationPlatforms) = preSolution
		Debug|Any CPU = Debug|Any CPU
		Debug|x64 = Debug|x64
		Release|Any CPU = Release|Any CPU
		Release|x64 = Release|x64
	EndGlobalSection
	GlobalSection(ProjectConfigurationPlatforms) = postSolution
		{DE539493-299D-4406-8893-96B1E5687605}.Debug|Any CPU.ActiveCfg = Debug|Any CPU
		{DE539493-299D-4406-8893-96B1E5687605}.Debug|Any CPU.Build.0 = Debug|Any CPU
		{DE539493-299D-4406-8893-96B1E5687605}.Debug|x64.ActiveCfg = Debug|x64
		{DE539493-299D-4406-8893-96B1E5687605}.Debug|x64.Build.0 = Debug|x64
		{DE539493-299D-4406-8893-96B1E5687605}.Release|Any CPU.ActiveCfg = Release|Any CPU
		{DE539493-299D-4406-8893-96B1E5687605}.Release|Any CPU.Build.0 = Release|Any CPU
		{DE539493-299D-4406-8893-96B1E5687605}.Release|x64.ActiveCfg = Release|x64
		{DE539493-299D-4406-8893-96B1E5687605}.Release|x64.Build.0 = Release|x64
	EndGlobalSection
	GlobalSection(SolutionProperties) = preSolution
		HideSolutionNode = FALSE
	EndGlobalSection
	GlobalSection(ExtensibilityGlobals) = postSolution
		SolutionGuid = {205EFCEF-1E57-48BF-BA52-DB7FF367C8AB}
	EndGlobalSection
EndGlobal
